// !$*UTF8*$!
{
	archiveVersion = 1;
	classes = {
	};
	objectVersion = 46;
	objects = {

/* Begin PBXBuildFile section */
		4FB78FF61B837C3D0078DF42 /* AddToDoItemViewController.m in Sources */ = {isa = PBXBuildFile; fileRef = 4FB78FF51B837C3D0078DF42 /* AddToDoItemViewController.m */; };
		4FB78FF91B837D110078DF42 /* ToDoListTableViewController.m in Sources */ = {isa = PBXBuildFile; fileRef = 4FB78FF81B837D110078DF42 /* ToDoListTableViewController.m */; };
		4FB78FFC1B838CB20078DF42 /* ToDoItem.m in Sources */ = {isa = PBXBuildFile; fileRef = 4FB78FFB1B838CB20078DF42 /* ToDoItem.m */; };
		4FBF9C411B7E455A00D5DBDD /* main.m in Sources */ = {isa = PBXBuildFile; fileRef = 4FBF9C401B7E455A00D5DBDD /* main.m */; };
		4FBF9C441B7E455A00D5DBDD /* AppDelegate.m in Sources */ = {isa = PBXBuildFile; fileRef = 4FBF9C431B7E455A00D5DBDD /* AppDelegate.m */; };
		4FBF9C4A1B7E455A00D5DBDD /* Main.storyboard in Resources */ = {isa = PBXBuildFile; fileRef = 4FBF9C481B7E455A00D5DBDD /* Main.storyboard */; };
		4FBF9C4C1B7E455A00D5DBDD /* Images.xcassets in Resources */ = {isa = PBXBuildFile; fileRef = 4FBF9C4B1B7E455A00D5DBDD /* Images.xcassets */; };
		4FBF9C4F1B7E455A00D5DBDD /* LaunchScreen.xib in Resources */ = {isa = PBXBuildFile; fileRef = 4FBF9C4D1B7E455A00D5DBDD /* LaunchScreen.xib */; };
		4FBF9C5B1B7E455B00D5DBDD /* ToDoListTests.m in Sources */ = {isa = PBXBuildFile; fileRef = 4FBF9C5A1B7E455B00D5DBDD /* ToDoListTests.m */; };
/* End PBXBuildFile section */

/* Begin PBXContainerItemProxy section */
		4FBF9C551B7E455B00D5DBDD /* PBXContainerItemProxy */ = {
			isa = PBXContainerItemProxy;
			containerPortal = 4FBF9C331B7E455A00D5DBDD /* Project object */;
			proxyType = 1;
			remoteGlobalIDString = 4FBF9C3A1B7E455A00D5DBDD;
			remoteInfo = ToDoList;
		};
/* End PBXContainerItemProxy section */

/* Begin PBXFileReference section */
		4FB78FF41B837C3D0078DF42 /* AddToDoItemViewController.h */ = {isa = PBXFileReference; fileEncoding = 4; lastKnownFileType = sourcecode.c.h; name = AddToDoItemViewController.h; path = ../AddToDoItemViewController.h; sourceTree = "<group>"; };
		4FB78FF51B837C3D0078DF42 /* AddToDoItemViewController.m */ = {isa = PBXFileReference; fileEncoding = 4; lastKnownFileType = sourcecode.c.objc; name = AddToDoItemViewController.m; path = ../AddToDoItemViewController.m; sourceTree = "<group>"; };
		4FB78FF71B837D110078DF42 /* ToDoListTableViewController.h */ = {isa = PBXFileReference; fileEncoding = 4; lastKnownFileType = sourcecode.c.h; path = ToDoListTableViewController.h; sourceTree = "<group>"; };
		4FB78FF81B837D110078DF42 /* ToDoListTableViewController.m */ = {isa = PBXFileReference; fileEncoding = 4; lastKnownFileType = sourcecode.c.objc; path = ToDoListTableViewController.m; sourceTree = "<group>"; };
		4FB78FFA1B838CB20078DF42 /* ToDoItem.h */ = {isa = PBXFileReference; fileEncoding = 4; lastKnownFileType = sourcecode.c.h; path = ToDoItem.h; sourceTree = "<group>"; };
		4FB78FFB1B838CB20078DF42 /* ToDoItem.m */ = {isa = PBXFileReference; fileEncoding = 4; lastKnownFileType = sourcecode.c.objc; path = ToDoItem.m; sourceTree = "<group>"; };
		4FBF9C3B1B7E455A00D5DBDD /* ToDoList.app */ = {isa = PBXFileReference; explicitFileType = wrapper.application; includeInIndex = 0; path = ToDoList.app; sourceTree = BUILT_PRODUCTS_DIR; };
		4FBF9C3F1B7E455A00D5DBDD /* Info.plist */ = {isa = PBXFileReference; lastKnownFileType = text.plist.xml; path = Info.plist; sourceTree = "<group>"; };
		4FBF9C401B7E455A00D5DBDD /* main.m */ = {isa = PBXFileReference; lastKnownFileType = sourcecode.c.objc; path = main.m; sourceTree = "<group>"; };
		4FBF9C421B7E455A00D5DBDD /* AppDelegate.h */ = {isa = PBXFileReference; lastKnownFileType = sourcecode.c.h; path = AppDelegate.h; sourceTree = "<group>"; };
		4FBF9C431B7E455A00D5DBDD /* AppDelegate.m */ = {isa = PBXFileReference; lastKnownFileType = sourcecode.c.objc; path = AppDelegate.m; sourceTree = "<group>"; };
		4FBF9C491B7E455A00D5DBDD /* Base */ = {isa = PBXFileReference; lastKnownFileType = file.storyboard; name = Base; path = Base.lproj/Main.storyboard; sourceTree = "<group>"; };
		4FBF9C4B1B7E455A00D5DBDD /* Images.xcassets */ = {isa = PBXFileReference; lastKnownFileType = folder.assetcatalog; path = Images.xcassets; sourceTree = "<group>"; };
		4FBF9C4E1B7E455A00D5DBDD /* Base */ = {isa = PBXFileReference; lastKnownFileType = file.xib; name = Base; path = Base.lproj/LaunchScreen.xib; sourceTree = "<group>"; };
		4FBF9C541B7E455B00D5DBDD /* ToDoListTests.xctest */ = {isa = PBXFileReference; explicitFileType = wrapper.cfbundle; includeInIndex = 0; path = ToDoListTests.xctest; sourceTree = BUILT_PRODUCTS_DIR; };
		4FBF9C591B7E455B00D5DBDD /* Info.plist */ = {isa = PBXFileReference; lastKnownFileType = text.plist.xml; path = Info.plist; sourceTree = "<group>"; };
		4FBF9C5A1B7E455B00D5DBDD /* ToDoListTests.m */ = {isa = PBXFileReference; lastKnownFileType = sourcecode.c.objc; path = ToDoListTests.m; sourceTree = "<group>"; };
/* End PBXFileReference section */

/* Begin PBXFrameworksBuildPhase section */
		4FBF9C381B7E455A00D5DBDD /* Frameworks */ = {
			isa = PBXFrameworksBuildPhase;
			buildActionMask = 2147483647;
			files = (
			);
			runOnlyForDeploymentPostprocessing = 0;
		};
		4FBF9C511B7E455B00D5DBDD /* Frameworks */ = {
			isa = PBXFrameworksBuildPhase;
			buildActionMask = 2147483647;
			files = (
			);
			runOnlyForDeploymentPostprocessing = 0;
		};
/* End PBXFrameworksBuildPhase section */

/* Begin PBXGroup section */
		4FBF9C321B7E455A00D5DBDD = {
			isa = PBXGroup;
			children = (
				4FBF9C3D1B7E455A00D5DBDD /* ToDoList */,
				4FBF9C571B7E455B00D5DBDD /* ToDoListTests */,
				4FBF9C3C1B7E455A00D5DBDD /* Products */,
			);
			sourceTree = "<group>";
		};
		4FBF9C3C1B7E455A00D5DBDD /* Products */ = {
			isa = PBXGroup;
			children = (
				4FBF9C3B1B7E455A00D5DBDD /* ToDoList.app */,
				4FBF9C541B7E455B00D5DBDD /* ToDoListTests.xctest */,
			);
			name = Products;
			sourceTree = "<group>";
		};
		4FBF9C3D1B7E455A00D5DBDD /* ToDoList */ = {
			isa = PBXGroup;
			children = (
				4FB78FF41B837C3D0078DF42 /* AddToDoItemViewController.h */,
				4FB78FF51B837C3D0078DF42 /* AddToDoItemViewController.m */,
				4FBF9C421B7E455A00D5DBDD /* AppDelegate.h */,
				4FBF9C431B7E455A00D5DBDD /* AppDelegate.m */,
				4FBF9C481B7E455A00D5DBDD /* Main.storyboard */,
				4FB78FFA1B838CB20078DF42 /* ToDoItem.h */,
				4FB78FFB1B838CB20078DF42 /* ToDoItem.m */,
				4FB78FF71B837D110078DF42 /* ToDoListTableViewController.h */,
				4FB78FF81B837D110078DF42 /* ToDoListTableViewController.m */,
				4FBF9C4B1B7E455A00D5DBDD /* Images.xcassets */,
				4FBF9C4D1B7E455A00D5DBDD /* LaunchScreen.xib */,
				4FBF9C3E1B7E455A00D5DBDD /* Supporting Files */,
			);
			path = ToDoList;
			sourceTree = "<group>";
		};
		4FBF9C3E1B7E455A00D5DBDD /* Supporting Files */ = {
			isa = PBXGroup;
			children = (
				4FBF9C3F1B7E455A00D5DBDD /* Info.plist */,
				4FBF9C401B7E455A00D5DBDD /* main.m */,
			);
			name = "Supporting Files";
			sourceTree = "<group>";
		};
		4FBF9C571B7E455B00D5DBDD /* ToDoListTests */ = {
			isa = PBXGroup;
			children = (
				4FBF9C5A1B7E455B00D5DBDD /* ToDoListTests.m */,
				4FBF9C581B7E455B00D5DBDD /* Supporting Files */,
			);
			path = ToDoListTests;
			sourceTree = "<group>";
		};
		4FBF9C581B7E455B00D5DBDD /* Supporting Files */ = {
			isa = PBXGroup;
			children = (
				4FBF9C591B7E455B00D5DBDD /* Info.plist */,
			);
			name = "Supporting Files";
			sourceTree = "<group>";
		};
/* End PBXGroup section */

/* Begin PBXNativeTarget section */
		4FBF9C3A1B7E455A00D5DBDD /* ToDoList */ = {
			isa = PBXNativeTarget;
			buildConfigurationList = 4FBF9C5E1B7E455B00D5DBDD /* Build configuration list for PBXNativeTarget "ToDoList" */;
			buildPhases = (
				4FBF9C371B7E455A00D5DBDD /* Sources */,
				4FBF9C381B7E455A00D5DBDD /* Frameworks */,
				4FBF9C391B7E455A00D5DBDD /* Resources */,
			);
			buildRules = (
			);
			dependencies = (
			);
			name = ToDoList;
			productName = ToDoList;
			productReference = 4FBF9C3B1B7E455A00D5DBDD /* ToDoList.app */;
			productType = "com.apple.product-type.application";
		};
		4FBF9C531B7E455B00D5DBDD /* ToDoListTests */ = {
			isa = PBXNativeTarget;
			buildConfigurationList = 4FBF9C611B7E455B00D5DBDD /* Build configuration list for PBXNativeTarget "ToDoListTests" */;
			buildPhases = (
				4FBF9C501B7E455B00D5DBDD /* Sources */,
				4FBF9C511B7E455B00D5DBDD /* Frameworks */,
				4FBF9C521B7E455B00D5DBDD /* Resources */,
			);
			buildRules = (
			);
			dependencies = (
				4FBF9C561B7E455B00D5DBDD /* PBXTargetDependency */,
			);
			name = ToDoListTests;
			productName = ToDoListTests;
			productReference = 4FBF9C541B7E455B00D5DBDD /* ToDoListTests.xctest */;
			productType = "com.apple.product-type.bundle.unit-test";
		};
/* End PBXNativeTarget section */

/* Begin PBXProject section */
		4FBF9C331B7E455A00D5DBDD /* Project object */ = {
			isa = PBXProject;
			attributes = {
				LastUpgradeCheck = 0640;
				ORGANIZATIONNAME = zohaib;
				TargetAttributes = {
					4FBF9C3A1B7E455A00D5DBDD = {
						CreatedOnToolsVersion = 6.4;
					};
					4FBF9C531B7E455B00D5DBDD = {
						CreatedOnToolsVersion = 6.4;
						TestTargetID = 4FBF9C3A1B7E455A00D5DBDD;
					};
				};
			};
			buildConfigurationList = 4FBF9C361B7E455A00D5DBDD /* Build configuration list for PBXProject "ToDoList" */;
			compatibilityVersion = "Xcode 3.2";
			developmentRegion = English;
			hasScannedForEncodings = 0;
			knownRegions = (
				en,
				Base,
			);
			mainGroup = 4FBF9C321B7E455A00D5DBDD;
			productRefGroup = 4FBF9C3C1B7E455A00D5DBDD /* Products */;
			projectDirPath = "";
			projectRoot = "";
			targets = (
				4FBF9C3A1B7E455A00D5DBDD /* ToDoList */,
				4FBF9C531B7E455B00D5DBDD /* ToDoListTests */,
			);
		};
/* End PBXProject section */

/* Begin PBXResourcesBuildPhase section */
		4FBF9C391B7E455A00D5DBDD /* Resources */ = {
			isa = PBXResourcesBuildPhase;
			buildActionMask = 2147483647;
			files = (
				4FBF9C4A1B7E455A00D5DBDD /* Main.storyboard in Resources */,
				4FBF9C4F1B7E455A00D5DBDD /* LaunchScreen.xib in Resources */,
				4FBF9C4C1B7E455A00D5DBDD /* Images.xcassets in Resources */,
			);
			runOnlyForDeploymentPostprocessing = 0;
		};
		4FBF9C521B7E455B00D5DBDD /* Resources */ = {
			isa = PBXResourcesBuildPhase;
			buildActionMask = 2147483647;
			files = (
			);
			runOnlyForDeploymentPostprocessing = 0;
		};
/* End PBXResourcesBuildPhase section */

/* Begin PBXSourcesBuildPhase section */
		4FBF9C371B7E455A00D5DBDD /* Sources */ = {
			isa = PBXSourcesBuildPhase;
			buildActionMask = 2147483647;
			files = (
				4FBF9C441B7E455A00D5DBDD /* AppDelegate.m in Sources */,
				4FB78FFC1B838CB20078DF42 /* ToDoItem.m in Sources */,
				4FB78FF91B837D110078DF42 /* ToDoListTableViewController.m in Sources */,
				4FBF9C411B7E455A00D5DBDD /* main.m in Sources */,
				4FB78FF61B837C3D0078DF42 /* AddToDoItemViewController.m in Sources */,
			);
			runOnlyForDeploymentPostprocessing = 0;
		};
		4FBF9C501B7E455B00D5DBDD /* Sources */ = {
			isa = PBXSourcesBuildPhase;
			buildActionMask = 2147483647;
			files = (
				4FBF9C5B1B7E455B00D5DBDD /* ToDoListTests.m in Sources */,
			);
			runOnlyForDeploymentPostprocessing = 0;
		};
/* End PBXSourcesBuildPhase section */

/* Begin PBXTargetDependency section */
		4FBF9C561B7E455B00D5DBDD /* PBXTargetDependency */ = {
			isa = PBXTargetDependency;
			target = 4FBF9C3A1B7E455A00D5DBDD /* ToDoList */;
			targetProxy = 4FBF9C551B7E455B00D5DBDD /* PBXContainerItemProxy */;
		};
/* End PBXTargetDependency section */

/* Begin PBXVariantGroup section */
		4FBF9C481B7E455A00D5DBDD /* Main.storyboard */ = {
			isa = PBXVariantGroup;
			children = (
				4FBF9C491B7E455A00D5DBDD /* Base */,
			);
			name = Main.storyboard;
			sourceTree = "<group>";
		};
		4FBF9C4D1B7E455A00D5DBDD /* LaunchScreen.xib */ = {
			isa = PBXVariantGroup;
			children = (
				4FBF9C4E1B7E455A00D5DBDD /* Base */,
			);
			name = LaunchScreen.xib;
			sourceTree = "<group>";
		};
/* End PBXVariantGroup section */

/* Begin XCBuildConfiguration section */
		4FBF9C5C1B7E455B00D5DBDD /* Debug */ = {
			isa = XCBuildConfiguration;
			buildSettings = {
				ALWAYS_SEARCH_USER_PATHS = NO;
				CLANG_CXX_LANGUAGE_STANDARD = "gnu++0x";
				CLANG_CXX_LIBRARY = "libc++";
				CLANG_ENABLE_MODULES = YES;
				CLANG_ENABLE_OBJC_ARC = YES;
				CLANG_WARN_BOOL_CONVERSION = YES;
				CLANG_WARN_CONSTANT_CONVERSION = YES;
				CLANG_WARN_DIRECT_OBJC_ISA_USAGE = YES_ERROR;
				CLANG_WARN_EMPTY_BODY = YES;
				CLANG_WARN_ENUM_CONVERSION = YES;
				CLANG_WARN_INT_CONVERSION = YES;
				CLANG_WARN_OBJC_ROOT_CLASS = YES_ERROR;
				CLANG_WARN_UNREACHABLE_CODE = YES;
				CLANG_WARN__DUPLICATE_METHOD_MATCH = YES;
				"CODE_SIGN_IDENTITY[sdk=iphoneos*]" = "iPhone Developer";
				COPY_PHASE_STRIP = NO;
				DEBUG_INFORMATION_FORMAT = "dwarf-with-dsym";
				ENABLE_STRICT_OBJC_MSGSEND = YES;
				GCC_C_LANGUAGE_STANDARD = gnu99;
				GCC_DYNAMIC_NO_PIC = NO;
				GCC_NO_COMMON_BLOCKS = YES;
				GCC_OPTIMIZATION_LEVEL = 0;
				GCC_PREPROCESSOR_DEFINITIONS = (
					"DEBUG=1",
					"$(inherited)",
				);
				GCC_SYMBOLS_PRIVATE_EXTERN = NO;
				GCC_WARN_64_TO_32_BIT_CONVERSION = YES;
				GCC_WARN_ABOUT_RETURN_TYPE = YES_ERROR;
				GCC_WARN_UNDECLARED_SELECTOR = YES;
				GCC_WARN_UNINITIALIZED_AUTOS = YES_AGGRESSIVE;
				GCC_WARN_UNUSED_FUNCTION = YES;
				GCC_WARN_UNUSED_VARIABLE = YES;
				IPHONEOS_DEPLOYMENT_TARGET = 8.4;
				MTL_ENABLE_DEBUG_INFO = YES;
				ONLY_ACTIVE_ARCH = YES;
				SDKROOT = iphoneos;
				TARGETED_DEVICE_FAMILY = "1,2";
			};
			name = Debug;
		};
		4FBF9C5D1B7E455B00D5DBDD /* Release */ = {
			isa = XCBuildConfiguration;
			buildSettings = {
				ALWAYS_SEARCH_USER_PATHS = NO;
				CLANG_CXX_LANGUAGE_STANDARD = "gnu++0x";
				CLANG_CXX_LIBRARY = "libc++";
				CLANG_ENABLE_MODULES = YES;
				CLANG_ENABLE_OBJC_ARC = YES;
				CLANG_WARN_BOOL_CONVERSION = YES;
				CLANG_WARN_CONSTANT_CONVERSION = YES;
				CLANG_WARN_DIRECT_OBJC_ISA_USAGE = YES_ERROR;
				CLANG_WARN_EMPTY_BODY = YES;
				CLANG_WARN_ENUM_CONVERSION = YES;
				CLANG_WARN_INT_CONVERSION = YES;
				CLANG_WARN_OBJC_ROOT_CLASS = YES_ERROR;
				CLANG_WARN_UNREACHABLE_CODE = YES;
				CLANG_WARN__DUPLICATE_METHOD_MATCH = YES;
				"CODE_SIGN_IDENTITY[sdk=iphoneos*]" = "iPhone Developer";
				COPY_PHASE_STRIP = NO;
				DEBUG_INFORMATION_FORMAT = "dwarf-with-dsym";
				ENABLE_NS_ASSERTIONS = NO;
				ENABLE_STRICT_OBJC_MSGSEND = YES;
				GCC_C_LANGUAGE_STANDARD = gnu99;
				GCC_NO_COMMON_BLOCKS = YES;
				GCC_WARN_64_TO_32_BIT_CONVERSION = YES;
				GCC_WARN_ABOUT_RETURN_TYPE = YES_ERROR;
				GCC_WARN_UNDECLARED_SELECTOR = YES;
				GCC_WARN_UNINITIALIZED_AUTOS = YES_AGGRESSIVE;
				GCC_WARN_UNUSED_FUNCTION = YES;
				GCC_WARN_UNUSED_VARIABLE = YES;
				IPHONEOS_DEPLOYMENT_TARGET = 8.4;
				MTL_ENABLE_DEBUG_INFO = NO;
				SDKROOT = iphoneos;
				TARGETED_DEVICE_FAMILY = "1,2";
				VALIDATE_PRODUCT = YES;
			};
			name = Release;
		};
		4FBF9C5F1B7E455B00D5DBDD /* Debug */ = {
			isa = XCBuildConfiguration;
			buildSettings = {
				ASSETCATALOG_COMPILER_APPICON_NAME = AppIcon;
				CLANG_ENABLE_MODULES = YES;
				INFOPLIST_FILE = ToDoList/Info.plist;
				LD_RUNPATH_SEARCH_PATHS = "$(inherited) @executable_path/Frameworks";
				PRODUCT_NAME = "$(TARGET_NAME)";
				SWIFT_OPTIMIZATION_LEVEL = "-Onone";
			};
			name = Debug;
		};
		4FBF9C601B7E455B00D5DBDD /* Release */ = {
			isa = XCBuildConfiguration;
			buildSettings = {
				ASSETCATALOG_COMPILER_APPICON_NAME = AppIcon;
				CLANG_ENABLE_MODULES = YES;
				INFOPLIST_FILE = ToDoList/Info.plist;
				LD_RUNPATH_SEARCH_PATHS = "$(inherited) @executable_path/Frameworks";
				PRODUCT_NAME = "$(TARGET_NAME)";
			};
			name = Release;
		};
		4FBF9C621B7E455B00D5DBDD /* Debug */ = {
			isa = XCBuildConfiguration;
			buildSettings = {
				BUNDLE_LOADER = "$(TEST_HOST)";
				FRAMEWORK_SEARCH_PATHS = (
					"$(SDKROOT)/Developer/Library/Frameworks",
					"$(inherited)",
				);
				GCC_PREPROCESSOR_DEFINITIONS = (
					"DEBUG=1",
					"$(inherited)",
				);
				INFOPLIST_FILE = ToDoListTests/Info.plist;
				LD_RUNPATH_SEARCH_PATHS = "$(inherited) @executable_path/Frameworks @loader_path/Frameworks";
				PRODUCT_NAME = "$(TARGET_NAME)";
				TEST_HOST = "$(BUILT_PRODUCTS_DIR)/ToDoList.app/ToDoList";
			};
			name = Debug;
		};
		4FBF9C631B7E455B00D5DBDD /* Release */ = {
			isa = XCBuildConfiguration;
			buildSettings = {
				BUNDLE_LOADER = "$(TEST_HOST)";
				FRAMEWORK_SEARCH_PATHS = (
					"$(SDKROOT)/Developer/Library/Frameworks",
					"$(inherited)",
				);
				INFOPLIST_FILE = ToDoListTests/Info.plist;
				LD_RUNPATH_SEARCH_PATHS = "$(inherited) @executable_path/Frameworks @loader_path/Frameworks";
				PRODUCT_NAME = "$(TARGET_NAME)";
				TEST_HOST = "$(BUILT_PRODUCTS_DIR)/ToDoList.app/ToDoList";
			};
			name = Release;
		};
/* End XCBuildConfiguration section */

/* Begin XCConfigurationList section */
		4FBF9C361B7E455A00D5DBDD /* Build configuration list for PBXProject "ToDoList" */ = {
			isa = XCConfigurationList;
			buildConfigurations = (
				4FBF9C5C1B7E455B00D5DBDD /* Debug */,
				4FBF9C5D1B7E455B00D5DBDD /* Release */,
			);
			defaultConfigurationIsVisible = 0;
			defaultConfigurationName = Release;
		};
		4FBF9C5E1B7E455B00D5DBDD /* Build configuration list for PBXNativeTarget "ToDoList" */ = {
			isa = XCConfigurationList;
			buildConfigurations = (
				4FBF9C5F1B7E455B00D5DBDD /* Debug */,
				4FBF9C601B7E455B00D5DBDD /* Release */,
			);
			defaultConfigurationIsVisible = 0;
			defaultConfigurationName = Release;
		};
		4FBF9C611B7E455B00D5DBDD /* Build configuration list for PBXNativeTarget "ToDoListTests" */ = {
			isa = XCConfigurationList;
			buildConfigurations = (
				4FBF9C621B7E455B00D5DBDD /* Debug */,
				4FBF9C631B7E455B00D5DBDD /* Release */,
			);
			defaultConfigurationIsVisible = 0;
			defaultConfigurationName = Release;
		};
/* End XCConfigurationList section */
	};
	rootObject = 4FBF9C331B7E455A00D5DBDD /* Project object */;
}
